
Microsoft Visual Studio Solution File, Format Version 12.00
# Visual Studio Version 17
VisualStudioVersion = 17.1.32407.343
MinimumVisualStudioVersion = 10.0.40219.1
Project("{FAE04EC0-301F-11D3-BF4B-00C04F79EFBC}") = "DesafioMJVCallAPI", "DesafioMJVCallAPI.csproj", "{746626A0-F364-4D8C-8E90-5A4E8644ACBB}"
EndProject
Global
	GlobalSection(SolutionConfigurationPlatforms) = preSolution
		Debug|Any CPU = Debug|Any CPU
		Release|Any CPU = Release|Any CPU
	EndGlobalSection
	GlobalSection(ProjectConfigurationPlatforms) = postSolution
		{746626A0-F364-4D8C-8E90-5A4E8644ACBB}.Debug|Any CPU.ActiveCfg = Debug|Any CPU
		{746626A0-F364-4D8C-8E90-5A4E8644ACBB}.Debug|Any CPU.Build.0 = Debug|Any CPU
		{746626A0-F364-4D8C-8E90-5A4E8644ACBB}.Release|Any CPU.ActiveCfg = Release|Any CPU
		{746626A0-F364-4D8C-8E90-5A4E8644ACBB}.Release|Any CPU.Build.0 = Release|Any CPU
	EndGlobalSection
	GlobalSection(SolutionProperties) = preSolution
		HideSolutionNode = FALSE
	EndGlobalSection
	GlobalSection(ExtensibilityGlobals) = postSolution
		SolutionGuid = {0A811802-E2CF-45C1-AB45-BB90FC35CB52}
	EndGlobalSection
EndGlobal
